
Microsoft Visual Studio Solution File, Format Version 12.00
# Visual Studio 15
VisualStudioVersion = 15.0.27428.1
MinimumVisualStudioVersion = 10.0.40219.1
Project("{FAE04EC0-301F-11D3-BF4B-00C04F79EFBC}") = "Kalkulator_wsiz", "Kalkulator_wsiz\Kalkulator_wsiz.csproj", "{A6419403-6CA3-4D6B-B333-4C74168C42D7}"
EndProject
Global
	GlobalSection(SolutionConfigurationPlatforms) = preSolution
		Debug|Any CPU = Debug|Any CPU
		Release|Any CPU = Release|Any CPU
	EndGlobalSection
	GlobalSection(ProjectConfigurationPlatforms) = postSolution
		{A6419403-6CA3-4D6B-B333-4C74168C42D7}.Debug|Any CPU.ActiveCfg = Debug|Any CPU
		{A6419403-6CA3-4D6B-B333-4C74168C42D7}.Debug|Any CPU.Build.0 = Debug|Any CPU
		{A6419403-6CA3-4D6B-B333-4C74168C42D7}.Release|Any CPU.ActiveCfg = Release|Any CPU
		{A6419403-6CA3-4D6B-B333-4C74168C42D7}.Release|Any CPU.Build.0 = Release|Any CPU
	EndGlobalSection
	GlobalSection(SolutionProperties) = preSolution
		HideSolutionNode = FALSE
	EndGlobalSection
	GlobalSection(ExtensibilityGlobals) = postSolution
		SolutionGuid = {CC789465-5740-4108-931C-07AB39EC2911}
	EndGlobalSection
EndGlobal
